
Microsoft Visual Studio Solution File, Format Version 12.00
# Visual Studio Version 16
VisualStudioVersion = 16.0.31025.194
MinimumVisualStudioVersion = 10.0.40219.1
Project("{FAE04EC0-301F-11D3-BF4B-00C04F79EFBC}") = "College_Departments", "College_Departments\College_Departments.csproj", "{164A5452-D3C3-45BC-9014-8765B2CE98B1}"
EndProject
Global
	GlobalSection(SolutionConfigurationPlatforms) = preSolution
		Debug|Any CPU = Debug|Any CPU
		Release|Any CPU = Release|Any CPU
	EndGlobalSection
	GlobalSection(ProjectConfigurationPlatforms) = postSolution
		{164A5452-D3C3-45BC-9014-8765B2CE98B1}.Debug|Any CPU.ActiveCfg = Debug|Any CPU
		{164A5452-D3C3-45BC-9014-8765B2CE98B1}.Debug|Any CPU.Build.0 = Debug|Any CPU
		{164A5452-D3C3-45BC-9014-8765B2CE98B1}.Release|Any CPU.ActiveCfg = Release|Any CPU
		{164A5452-D3C3-45BC-9014-8765B2CE98B1}.Release|Any CPU.Build.0 = Release|Any CPU
	EndGlobalSection
	GlobalSection(SolutionProperties) = preSolution
		HideSolutionNode = FALSE
	EndGlobalSection
	GlobalSection(ExtensibilityGlobals) = postSolution
		SolutionGuid = {829D668B-ADE4-4FCD-BD68-53BFD931747B}
	EndGlobalSection
EndGlobal
